
Microsoft Visual Studio Solution File, Format Version 12.00
# Visual Studio Version 17
VisualStudioVersion = 17.8.34511.84
MinimumVisualStudioVersion = 10.0.40219.1
Project("{FAE04EC0-301F-11D3-BF4B-00C04F79EFBC}") = "SaveTheOcean", "SaveTheOcean.csproj", "{88BDCAB9-2B63-44EB-AAD1-BC90247316EE}"
EndProject
Project("{FAE04EC0-301F-11D3-BF4B-00C04F79EFBC}") = "SaveTheOceanLib", "..\SaveTheOceanLib\SaveTheOceanLib.csproj", "{43A67178-D835-49D3-9500-A2F03430FA15}"
EndProject
Global
	GlobalSection(SolutionConfigurationPlatforms) = preSolution
		Debug|Any CPU = Debug|Any CPU
		Release|Any CPU = Release|Any CPU
	EndGlobalSection
	GlobalSection(ProjectConfigurationPlatforms) = postSolution
		{88BDCAB9-2B63-44EB-AAD1-BC90247316EE}.Debug|Any CPU.ActiveCfg = Debug|Any CPU
		{88BDCAB9-2B63-44EB-AAD1-BC90247316EE}.Debug|Any CPU.Build.0 = Debug|Any CPU
		{88BDCAB9-2B63-44EB-AAD1-BC90247316EE}.Release|Any CPU.ActiveCfg = Release|Any CPU
		{88BDCAB9-2B63-44EB-AAD1-BC90247316EE}.Release|Any CPU.Build.0 = Release|Any CPU
		{43A67178-D835-49D3-9500-A2F03430FA15}.Debug|Any CPU.ActiveCfg = Debug|Any CPU
		{43A67178-D835-49D3-9500-A2F03430FA15}.Debug|Any CPU.Build.0 = Debug|Any CPU
		{43A67178-D835-49D3-9500-A2F03430FA15}.Release|Any CPU.ActiveCfg = Release|Any CPU
		{43A67178-D835-49D3-9500-A2F03430FA15}.Release|Any CPU.Build.0 = Release|Any CPU
	EndGlobalSection
	GlobalSection(SolutionProperties) = preSolution
		HideSolutionNode = FALSE
	EndGlobalSection
	GlobalSection(ExtensibilityGlobals) = postSolution
		SolutionGuid = {061F6AEB-EC8D-4B2B-9998-13A1876685CF}
	EndGlobalSection
EndGlobal
